
Microsoft Visual Studio Solution File, Format Version 12.00
# Visual Studio Version 17
VisualStudioVersion = 17.0.31903.59
MinimumVisualStudioVersion = 10.0.40219.1
Project("{FAE04EC0-301F-11D3-BF4B-00C04F79EFBC}") = "gateway-api", "gateway-api\gateway-api.csproj", "{4D5022C6-AFD4-49C5-9EB2-1B8320984DEB}"
EndProject
Project("{FAE04EC0-301F-11D3-BF4B-00C04F79EFBC}") = "order-service", "order-service\order-service.csproj", "{9930095B-8A95-46CB-88D9-22E8B2A97207}"
EndProject
Project("{FAE04EC0-301F-11D3-BF4B-00C04F79EFBC}") = "payment-service", "payment-service\payment-service.csproj", "{C3510667-E83E-4BCA-A42F-FDC72508ADB3}"
EndProject
Project("{FAE04EC0-301F-11D3-BF4B-00C04F79EFBC}") = "shared", "shared\shared.csproj", "{1767C66D-0841-4F6D-95A8-203A9E39DCC6}"
EndProject
Global
	GlobalSection(SolutionConfigurationPlatforms) = preSolution
		Debug|Any CPU = Debug|Any CPU
		Debug|x64 = Debug|x64
		Debug|x86 = Debug|x86
		Release|Any CPU = Release|Any CPU
		Release|x64 = Release|x64
		Release|x86 = Release|x86
	EndGlobalSection
	GlobalSection(ProjectConfigurationPlatforms) = postSolution
		{4D5022C6-AFD4-49C5-9EB2-1B8320984DEB}.Debug|Any CPU.ActiveCfg = Debug|Any CPU
		{4D5022C6-AFD4-49C5-9EB2-1B8320984DEB}.Debug|Any CPU.Build.0 = Debug|Any CPU
		{4D5022C6-AFD4-49C5-9EB2-1B8320984DEB}.Debug|x64.ActiveCfg = Debug|Any CPU
		{4D5022C6-AFD4-49C5-9EB2-1B8320984DEB}.Debug|x64.Build.0 = Debug|Any CPU
		{4D5022C6-AFD4-49C5-9EB2-1B8320984DEB}.Debug|x86.ActiveCfg = Debug|Any CPU
		{4D5022C6-AFD4-49C5-9EB2-1B8320984DEB}.Debug|x86.Build.0 = Debug|Any CPU
		{4D5022C6-AFD4-49C5-9EB2-1B8320984DEB}.Release|Any CPU.ActiveCfg = Release|Any CPU
		{4D5022C6-AFD4-49C5-9EB2-1B8320984DEB}.Release|Any CPU.Build.0 = Release|Any CPU
		{4D5022C6-AFD4-49C5-9EB2-1B8320984DEB}.Release|x64.ActiveCfg = Release|Any CPU
		{4D5022C6-AFD4-49C5-9EB2-1B8320984DEB}.Release|x64.Build.0 = Release|Any CPU
		{4D5022C6-AFD4-49C5-9EB2-1B8320984DEB}.Release|x86.ActiveCfg = Release|Any CPU
		{4D5022C6-AFD4-49C5-9EB2-1B8320984DEB}.Release|x86.Build.0 = Release|Any CPU
		{9930095B-8A95-46CB-88D9-22E8B2A97207}.Debug|Any CPU.ActiveCfg = Debug|Any CPU
		{9930095B-8A95-46CB-88D9-22E8B2A97207}.Debug|Any CPU.Build.0 = Debug|Any CPU
		{9930095B-8A95-46CB-88D9-22E8B2A97207}.Debug|x64.ActiveCfg = Debug|Any CPU
		{9930095B-8A95-46CB-88D9-22E8B2A97207}.Debug|x64.Build.0 = Debug|Any CPU
		{9930095B-8A95-46CB-88D9-22E8B2A97207}.Debug|x86.ActiveCfg = Debug|Any CPU
		{9930095B-8A95-46CB-88D9-22E8B2A97207}.Debug|x86.Build.0 = Debug|Any CPU
		{9930095B-8A95-46CB-88D9-22E8B2A97207}.Release|Any CPU.ActiveCfg = Release|Any CPU
		{9930095B-8A95-46CB-88D9-22E8B2A97207}.Release|Any CPU.Build.0 = Release|Any CPU
		{9930095B-8A95-46CB-88D9-22E8B2A97207}.Release|x64.ActiveCfg = Release|Any CPU
		{9930095B-8A95-46CB-88D9-22E8B2A97207}.Release|x64.Build.0 = Release|Any CPU
		{9930095B-8A95-46CB-88D9-22E8B2A97207}.Release|x86.ActiveCfg = Release|Any CPU
		{9930095B-8A95-46CB-88D9-22E8B2A97207}.Release|x86.Build.0 = Release|Any CPU
		{C3510667-E83E-4BCA-A42F-FDC72508ADB3}.Debug|Any CPU.ActiveCfg = Debug|Any CPU
		{C3510667-E83E-4BCA-A42F-FDC72508ADB3}.Debug|Any CPU.Build.0 = Debug|Any CPU
		{C3510667-E83E-4BCA-A42F-FDC72508ADB3}.Debug|x64.ActiveCfg = Debug|Any CPU
		{C3510667-E83E-4BCA-A42F-FDC72508ADB3}.Debug|x64.Build.0 = Debug|Any CPU
		{C3510667-E83E-4BCA-A42F-FDC72508ADB3}.Debug|x86.ActiveCfg = Debug|Any CPU
		{C3510667-E83E-4BCA-A42F-FDC72508ADB3}.Debug|x86.Build.0 = Debug|Any CPU
		{C3510667-E83E-4BCA-A42F-FDC72508ADB3}.Release|Any CPU.ActiveCfg = Release|Any CPU
		{C3510667-E83E-4BCA-A42F-FDC72508ADB3}.Release|Any CPU.Build.0 = Release|Any CPU
		{C3510667-E83E-4BCA-A42F-FDC72508ADB3}.Release|x64.ActiveCfg = Release|Any CPU
		{C3510667-E83E-4BCA-A42F-FDC72508ADB3}.Release|x64.Build.0 = Release|Any CPU
		{C3510667-E83E-4BCA-A42F-FDC72508ADB3}.Release|x86.ActiveCfg = Release|Any CPU
		{C3510667-E83E-4BCA-A42F-FDC72508ADB3}.Release|x86.Build.0 = Release|Any CPU
		{1767C66D-0841-4F6D-95A8-203A9E39DCC6}.Debug|Any CPU.ActiveCfg = Debug|Any CPU
		{1767C66D-0841-4F6D-95A8-203A9E39DCC6}.Debug|Any CPU.Build.0 = Debug|Any CPU
		{1767C66D-0841-4F6D-95A8-203A9E39DCC6}.Debug|x64.ActiveCfg = Debug|Any CPU
		{1767C66D-0841-4F6D-95A8-203A9E39DCC6}.Debug|x64.Build.0 = Debug|Any CPU
		{1767C66D-0841-4F6D-95A8-203A9E39DCC6}.Debug|x86.ActiveCfg = Debug|Any CPU
		{1767C66D-0841-4F6D-95A8-203A9E39DCC6}.Debug|x86.Build.0 = Debug|Any CPU
		{1767C66D-0841-4F6D-95A8-203A9E39DCC6}.Release|Any CPU.ActiveCfg = Release|Any CPU
		{1767C66D-0841-4F6D-95A8-203A9E39DCC6}.Release|Any CPU.Build.0 = Release|Any CPU
		{1767C66D-0841-4F6D-95A8-203A9E39DCC6}.Release|x64.ActiveCfg = Release|Any CPU
		{1767C66D-0841-4F6D-95A8-203A9E39DCC6}.Release|x64.Build.0 = Release|Any CPU
		{1767C66D-0841-4F6D-95A8-203A9E39DCC6}.Release|x86.ActiveCfg = Release|Any CPU
		{1767C66D-0841-4F6D-95A8-203A9E39DCC6}.Release|x86.Build.0 = Release|Any CPU
	EndGlobalSection
	GlobalSection(SolutionProperties) = preSolution
		HideSolutionNode = FALSE
	EndGlobalSection
EndGlobal
